
Microsoft Visual Studio Solution File, Format Version 12.00
# Visual Studio Version 17
VisualStudioVersion = 17.11.35303.130
MinimumVisualStudioVersion = 10.0.40219.1
Project("{9A19103F-16F7-4668-BE54-9A1E7A4F7556}") = "rs", "ReScharp\rs.csproj", "{77380378-9995-43C8-A652-9F2FB20C8279}"
EndProject
Project("{FAE04EC0-301F-11D3-BF4B-00C04F79EFBC}") = "CodeAnalyzer", "CodeAnalyzer\ReSharp.csproj", "{E1E5B359-74C1-49C3-8BBE-66DB68EB4B93}"
EndProject
Project("{FAE04EC0-301F-11D3-BF4B-00C04F79EFBC}") = "Resharp.Tests", "Resharp.Tests\Resharp.Tests.csproj", "{73968DF8-F68D-4A8C-8803-967816A3E19F}"
EndProject
Global
	GlobalSection(SolutionConfigurationPlatforms) = preSolution
		Debug|Any CPU = Debug|Any CPU
		Release|Any CPU = Release|Any CPU
	EndGlobalSection
	GlobalSection(ProjectConfigurationPlatforms) = postSolution
		{77380378-9995-43C8-A652-9F2FB20C8279}.Debug|Any CPU.ActiveCfg = Debug|Any CPU
		{77380378-9995-43C8-A652-9F2FB20C8279}.Debug|Any CPU.Build.0 = Debug|Any CPU
		{77380378-9995-43C8-A652-9F2FB20C8279}.Release|Any CPU.ActiveCfg = Release|Any CPU
		{77380378-9995-43C8-A652-9F2FB20C8279}.Release|Any CPU.Build.0 = Release|Any CPU
		{E1E5B359-74C1-49C3-8BBE-66DB68EB4B93}.Debug|Any CPU.ActiveCfg = Debug|Any CPU
		{E1E5B359-74C1-49C3-8BBE-66DB68EB4B93}.Debug|Any CPU.Build.0 = Debug|Any CPU
		{E1E5B359-74C1-49C3-8BBE-66DB68EB4B93}.Release|Any CPU.ActiveCfg = Release|Any CPU
		{E1E5B359-74C1-49C3-8BBE-66DB68EB4B93}.Release|Any CPU.Build.0 = Release|Any CPU
		{73968DF8-F68D-4A8C-8803-967816A3E19F}.Debug|Any CPU.ActiveCfg = Debug|Any CPU
		{73968DF8-F68D-4A8C-8803-967816A3E19F}.Debug|Any CPU.Build.0 = Debug|Any CPU
		{73968DF8-F68D-4A8C-8803-967816A3E19F}.Release|Any CPU.ActiveCfg = Release|Any CPU
		{73968DF8-F68D-4A8C-8803-967816A3E19F}.Release|Any CPU.Build.0 = Release|Any CPU
	EndGlobalSection
	GlobalSection(SolutionProperties) = preSolution
		HideSolutionNode = FALSE
	EndGlobalSection
	GlobalSection(ExtensibilityGlobals) = postSolution
		SolutionGuid = {C00238B1-3485-431F-BFDF-B483C4823066}
	EndGlobalSection
EndGlobal
